// !$*UTF8*$!
{
	archiveVersion = 1;
	classes = {
	};
	objectVersion = 50;
	objects = {

/* Begin PBXBuildFile section */
		6A31B36A22695F4500766A97 /* AppDelegate.m in Sources */ = {isa = PBXBuildFile; fileRef = 6A31B36922695F4500766A97 /* AppDelegate.m */; };
		6A31B36D22695F4500766A97 /* ViewController.m in Sources */ = {isa = PBXBuildFile; fileRef = 6A31B36C22695F4500766A97 /* ViewController.m */; };
		6A31B37022695F4500766A97 /* Main.storyboard in Resources */ = {isa = PBXBuildFile; fileRef = 6A31B36E22695F4500766A97 /* Main.storyboard */; };
		6A31B37222695F4900766A97 /* Assets.xcassets in Resources */ = {isa = PBXBuildFile; fileRef = 6A31B37122695F4900766A97 /* Assets.xcassets */; };
		6A31B37522695F4900766A97 /* LaunchScreen.storyboard in Resources */ = {isa = PBXBuildFile; fileRef = 6A31B37322695F4900766A97 /* LaunchScreen.storyboard */; };
		6A31B37822695F4900766A97 /* main.m in Sources */ = {isa = PBXBuildFile; fileRef = 6A31B37722695F4900766A97 /* main.m */; };
		6A31B37F226961F100766A97 /* let.ttf in Resources */ = {isa = PBXBuildFile; fileRef = 6A31B37E226961F100766A97 /* let.ttf */; };
/* End PBXBuildFile section */

/* Begin PBXFileReference section */
		6A31B36522695F4500766A97 /* MZFontImport.app */ = {isa = PBXFileReference; explicitFileType = wrapper.application; includeInIndex = 0; path = MZFontImport.app; sourceTree = BUILT_PRODUCTS_DIR; };
		6A31B36822695F4500766A97 /* AppDelegate.h */ = {isa = PBXFileReference; lastKnownFileType = sourcecode.c.h; path = AppDelegate.h; sourceTree = "<group>"; };
		6A31B36922695F4500766A97 /* AppDelegate.m */ = {isa = PBXFileReference; lastKnownFileType = sourcecode.c.objc; path = AppDelegate.m; sourceTree = "<group>"; };
		6A31B36B22695F4500766A97 /* ViewController.h */ = {isa = PBXFileReference; lastKnownFileType = sourcecode.c.h; path = ViewController.h; sourceTree = "<group>"; };
		6A31B36C22695F4500766A97 /* ViewController.m */ = {isa = PBXFileReference; lastKnownFileType = sourcecode.c.objc; path = ViewController.m; sourceTree = "<group>"; };
		6A31B36F22695F4500766A97 /* Base */ = {isa = PBXFileReference; lastKnownFileType = file.storyboard; name = Base; path = Base.lproj/Main.storyboard; sourceTree = "<group>"; };
		6A31B37122695F4900766A97 /* Assets.xcassets */ = {isa = PBXFileReference; lastKnownFileType = folder.assetcatalog; path = Assets.xcassets; sourceTree = "<group>"; };
		6A31B37422695F4900766A97 /* Base */ = {isa = PBXFileReference; lastKnownFileType = file.storyboard; name = Base; path = Base.lproj/LaunchScreen.storyboard; sourceTree = "<group>"; };
		6A31B37622695F4900766A97 /* Info.plist */ = {isa = PBXFileReference; lastKnownFileType = text.plist.xml; path = Info.plist; sourceTree = "<group>"; };
		6A31B37722695F4900766A97 /* main.m */ = {isa = PBXFileReference; lastKnownFileType = sourcecode.c.objc; path = main.m; sourceTree = "<group>"; };
		6A31B37E226961F100766A97 /* let.ttf */ = {isa = PBXFileReference; lastKnownFileType = file; path = let.ttf; sourceTree = "<group>"; };
/* End PBXFileReference section */

/* Begin PBXFrameworksBuildPhase section */
		6A31B36222695F4500766A97 /* Frameworks */ = {
			isa = PBXFrameworksBuildPhase;
			buildActionMask = 2147483647;
			files = (
			);
			runOnlyForDeploymentPostprocessing = 0;
		};
/* End PBXFrameworksBuildPhase section */

/* Begin PBXGroup section */
		6A31B35C22695F4500766A97 = {
			isa = PBXGroup;
			children = (
				6A31B36722695F4500766A97 /* MZFontImport */,
				6A31B36622695F4500766A97 /* Products */,
			);
			sourceTree = "<group>";
		};
		6A31B36622695F4500766A97 /* Products */ = {
			isa = PBXGroup;
			children = (
				6A31B36522695F4500766A97 /* MZFontImport.app */,
			);
			name = Products;
			sourceTree = "<group>";
		};
		6A31B36722695F4500766A97 /* MZFontImport */ = {
			isa = PBXGroup;
			children = (
				6A31B37E226961F100766A97 /* let.ttf */,
				6A31B36822695F4500766A97 /* AppDelegate.h */,
				6A31B36922695F4500766A97 /* AppDelegate.m */,
				6A31B36B22695F4500766A97 /* ViewController.h */,
				6A31B36C22695F4500766A97 /* ViewController.m */,
				6A31B36E22695F4500766A97 /* Main.storyboard */,
				6A31B37122695F4900766A97 /* Assets.xcassets */,
				6A31B37322695F4900766A97 /* LaunchScreen.storyboard */,
				6A31B37622695F4900766A97 /* Info.plist */,
				6A31B37722695F4900766A97 /* main.m */,
			);
			path = MZFontImport;
			sourceTree = "<group>";
		};
/* End PBXGroup section */

/* Begin PBXNativeTarget section */
		6A31B36422695F4500766A97 /* MZFontImport */ = {
			isa = PBXNativeTarget;
			buildConfigurationList = 6A31B37B22695F4900766A97 /* Build configuration list for PBXNativeTarget "MZFontImport" */;
			buildPhases = (
				6A31B36122695F4500766A97 /* Sources */,
				6A31B36222695F4500766A97 /* Frameworks */,
				6A31B36322695F4500766A97 /* Resources */,
			);
			buildRules = (
			);
			dependencies = (
			);
			name = MZFontImport;
			productName = MZFontImport;
			productReference = 6A31B36522695F4500766A97 /* MZFontImport.app */;
			productType = "com.apple.product-type.application";
		};
/* End PBXNativeTarget section */

/* Begin PBXProject section */
		6A31B35D22695F4500766A97 /* Project object */ = {
			isa = PBXProject;
			attributes = {
				LastUpgradeCheck = 1010;
				ORGANIZATIONNAME = mz;
				TargetAttributes = {
					6A31B36422695F4500766A97 = {
						CreatedOnToolsVersion = 10.1;
					};
				};
			};
			buildConfigurationList = 6A31B36022695F4500766A97 /* Build configuration list for PBXProject "MZFontImport" */;
			compatibilityVersion = "Xcode 9.3";
			developmentRegion = en;
			hasScannedForEncodings = 0;
			knownRegions = (
				en,
				Base,
			);
			mainGroup = 6A31B35C22695F4500766A97;
			productRefGroup = 6A31B36622695F4500766A97 /* Products */;
			projectDirPath = "";
			projectRoot = "";
			targets = (
				6A31B36422695F4500766A97 /* MZFontImport */,
			);
		};
/* End PBXProject section */

/* Begin PBXResourcesBuildPhase section */
		6A31B36322695F4500766A97 /* Resources */ = {
			isa = PBXResourcesBuildPhase;
			buildActionMask = 2147483647;
			files = (
				6A31B37F226961F100766A97 /* let.ttf in Resources */,
				6A31B37522695F4900766A97 /* LaunchScreen.storyboard in Resources */,
				6A31B37222695F4900766A97 /* Assets.xcassets in Resources */,
				6A31B37022695F4500766A97 /* Main.storyboard in Resources */,
			);
			runOnlyForDeploymentPostprocessing = 0;
		};
/* End PBXResourcesBuildPhase section */

/* Begin PBXSourcesBuildPhase section */
		6A31B36122695F4500766A97 /* Sources */ = {
			isa = PBXSourcesBuildPhase;
			buildActionMask = 2147483647;
			files = (
				6A31B36D22695F4500766A97 /* ViewController.m in Sources */,
				6A31B37822695F4900766A97 /* main.m in Sources */,
				6A31B36A22695F4500766A97 /* AppDelegate.m in Sources */,
			);
			runOnlyForDeploymentPostprocessing = 0;
		};
/* End PBXSourcesBuildPhase section */

/* Begin PBXVariantGroup section */
		6A31B36E22695F4500766A97 /* Main.storyboard */ = {
			isa = PBXVariantGroup;
			children = (
				6A31B36F22695F4500766A97 /* Base */,
			);
			name = Main.storyboard;
			sourceTree = "<group>";
		};
		6A31B37322695F4900766A97 /* LaunchScreen.storyboard */ = {
			isa = PBXVariantGroup;
			children = (
				6A31B37422695F4900766A97 /* Base */,
			);
			name = LaunchScreen.storyboard;
			sourceTree = "<group>";
		};
/* End PBXVariantGroup section */

/* Begin XCBuildConfiguration section */
		6A31B37922695F4900766A97 /* Debug */ = {
			isa = XCBuildConfiguration;
			buildSettings = {
				ALWAYS_SEARCH_USER_PATHS = NO;
				CLANG_ANALYZER_NONNULL = YES;
				CLANG_ANALYZER_NUMBER_OBJECT_CONVERSION = YES_AGGRESSIVE;
				CLANG_CXX_LANGUAGE_STANDARD = "gnu++14";
				CLANG_CXX_LIBRARY = "libc++";
				CLANG_ENABLE_MODULES = YES;
				CLANG_ENABLE_OBJC_ARC = YES;
				CLANG_ENABLE_OBJC_WEAK = YES;
				CLANG_WARN_BLOCK_CAPTURE_AUTORELEASING = YES;
				CLANG_WARN_BOOL_CONVERSION = YES;
				CLANG_WARN_COMMA = YES;
				CLANG_WARN_CONSTANT_CONVERSION = YES;
				CLANG_WARN_DEPRECATED_OBJC_IMPLEMENTATIONS = YES;
				CLANG_WARN_DIRECT_OBJC_ISA_USAGE = YES_ERROR;
				CLANG_WARN_DOCUMENTATION_COMMENTS = YES;
				CLANG_WARN_EMPTY_BODY = YES;
				CLANG_WARN_ENUM_CONVERSION = YES;
				CLANG_WARN_INFINITE_RECURSION = YES;
				CLANG_WARN_INT_CONVERSION = YES;
				CLANG_WARN_NON_LITERAL_NULL_CONVERSION = YES;
				CLANG_WARN_OBJC_IMPLICIT_RETAIN_SELF = YES;
				CLANG_WARN_OBJC_LITERAL_CONVERSION = YES;
				CLANG_WARN_OBJC_ROOT_CLASS = YES_ERROR;
				CLANG_WARN_RANGE_LOOP_ANALYSIS = YES;
				CLANG_WARN_STRICT_PROTOTYPES = YES;
				CLANG_WARN_SUSPICIOUS_MOVE = YES;
				CLANG_WARN_UNGUARDED_AVAILABILITY = YES_AGGRESSIVE;
				CLANG_WARN_UNREACHABLE_CODE = YES;
				CLANG_WARN__DUPLICATE_METHOD_MATCH = YES;
				CODE_SIGN_IDENTITY = "iPhone Developer";
				COPY_PHASE_STRIP = NO;
				DEBUG_INFORMATION_FORMAT = dwarf;
				ENABLE_STRICT_OBJC_MSGSEND = YES;
				ENABLE_TESTABILITY = YES;
				GCC_C_LANGUAGE_STANDARD = gnu11;
				GCC_DYNAMIC_NO_PIC = NO;
				GCC_NO_COMMON_BLOCKS = YES;
				GCC_OPTIMIZATION_LEVEL = 0;
				GCC_PREPROCESSOR_DEFINITIONS = (
					"DEBUG=1",
					"$(inherited)",
				);
				GCC_WARN_64_TO_32_BIT_CONVERSION = YES;
				GCC_WARN_ABOUT_RETURN_TYPE = YES_ERROR;
				GCC_WARN_UNDECLARED_SELECTOR = YES;
				GCC_WARN_UNINITIALIZED_AUTOS = YES_AGGRESSIVE;
				GCC_WARN_UNUSED_FUNCTION = YES;
				GCC_WARN_UNUSED_VARIABLE = YES;
				IPHONEOS_DEPLOYMENT_TARGET = 12.1;
				MTL_ENABLE_DEBUG_INFO = INCLUDE_SOURCE;
				MTL_FAST_MATH = YES;
				ONLY_ACTIVE_ARCH = YES;
				SDKROOT = iphoneos;
			};
			name = Debug;
		};
		6A31B37A22695F4900766A97 /* Release */ = {
			isa = XCBuildConfiguration;
			buildSettings = {
				ALWAYS_SEARCH_USER_PATHS = NO;
				CLANG_ANALYZER_NONNULL = YES;
				CLANG_ANALYZER_NUMBER_OBJECT_CONVERSION = YES_AGGRESSIVE;
				CLANG_CXX_LANGUAGE_STANDARD = "gnu++14";
				CLANG_CXX_LIBRARY = "libc++";
				CLANG_ENABLE_MODULES = YES;
				CLANG_ENABLE_OBJC_ARC = YES;
				CLANG_ENABLE_OBJC_WEAK = YES;
				CLANG_WARN_BLOCK_CAPTURE_AUTORELEASING = YES;
				CLANG_WARN_BOOL_CONVERSION = YES;
				CLANG_WARN_COMMA = YES;
				CLANG_WARN_CONSTANT_CONVERSION = YES;
				CLANG_WARN_DEPRECATED_OBJC_IMPLEMENTATIONS = YES;
				CLANG_WARN_DIRECT_OBJC_ISA_USAGE = YES_ERROR;
				CLANG_WARN_DOCUMENTATION_COMMENTS = YES;
				CLANG_WARN_EMPTY_BODY = YES;
				CLANG_WARN_ENUM_CONVERSION = YES;
				CLANG_WARN_INFINITE_RECURSION = YES;
				CLANG_WARN_INT_CONVERSION = YES;
				CLANG_WARN_NON_LITERAL_NULL_CONVERSION = YES;
				CLANG_WARN_OBJC_IMPLICIT_RETAIN_SELF = YES;
				CLANG_WARN_OBJC_LITERAL_CONVERSION = YES;
				CLANG_WARN_OBJC_ROOT_CLASS = YES_ERROR;
				CLANG_WARN_RANGE_LOOP_ANALYSIS = YES;
				CLANG_WARN_STRICT_PROTOTYPES = YES;
				CLANG_WARN_SUSPICIOUS_MOVE = YES;
				CLANG_WARN_UNGUARDED_AVAILABILITY = YES_AGGRESSIVE;
				CLANG_WARN_UNREACHABLE_CODE = YES;
				CLANG_WARN__DUPLICATE_METHOD_MATCH = YES;
				CODE_SIGN_IDENTITY = "iPhone Developer";
				COPY_PHASE_STRIP = NO;
				DEBUG_INFORMATION_FORMAT = "dwarf-with-dsym";
				ENABLE_NS_ASSERTIONS = NO;
				ENABLE_STRICT_OBJC_MSGSEND = YES;
				GCC_C_LANGUAGE_STANDARD = gnu11;
				GCC_NO_COMMON_BLOCKS = YES;
				GCC_WARN_64_TO_32_BIT_CONVERSION = YES;
				GCC_WARN_ABOUT_RETURN_TYPE = YES_ERROR;
				GCC_WARN_UNDECLARED_SELECTOR = YES;
				GCC_WARN_UNINITIALIZED_AUTOS = YES_AGGRESSIVE;
				GCC_WARN_UNUSED_FUNCTION = YES;
				GCC_WARN_UNUSED_VARIABLE = YES;
				IPHONEOS_DEPLOYMENT_TARGET = 12.1;
				MTL_ENABLE_DEBUG_INFO = NO;
				MTL_FAST_MATH = YES;
				SDKROOT = iphoneos;
				VALIDATE_PRODUCT = YES;
			};
			name = Release;
		};
		6A31B37C22695F4900766A97 /* Debug */ = {
			isa = XCBuildConfiguration;
			buildSettings = {
				ASSETCATALOG_COMPILER_APPICON_NAME = AppIcon;
				CODE_SIGN_STYLE = Automatic;
				DEVELOPMENT_TEAM = 8JD3VFVV9F;
				INFOPLIST_FILE = MZFontImport/Info.plist;
				LD_RUNPATH_SEARCH_PATHS = (
					"$(inherited)",
					"@executable_path/Frameworks",
				);
				PRODUCT_BUNDLE_IDENTIFIER = com.mz.MZFontImport;
				PRODUCT_NAME = "$(TARGET_NAME)";
				TARGETED_DEVICE_FAMILY = "1,2";
			};
			name = Debug;
		};
		6A31B37D22695F4900766A97 /* Release */ = {
			isa = XCBuildConfiguration;
			buildSettings = {
				ASSETCATALOG_COMPILER_APPICON_NAME = AppIcon;
				CODE_SIGN_STYLE = Automatic;
				DEVELOPMENT_TEAM = 8JD3VFVV9F;
				INFOPLIST_FILE = MZFontImport/Info.plist;
				LD_RUNPATH_SEARCH_PATHS = (
					"$(inherited)",
					"@executable_path/Frameworks",
				);
				PRODUCT_BUNDLE_IDENTIFIER = com.mz.MZFontImport;
				PRODUCT_NAME = "$(TARGET_NAME)";
				TARGETED_DEVICE_FAMILY = "1,2";
			};
			name = Release;
		};
/* End XCBuildConfiguration section */

/* Begin XCConfigurationList section */
		6A31B36022695F4500766A97 /* Build configuration list for PBXProject "MZFontImport" */ = {
			isa = XCConfigurationList;
			buildConfigurations = (
				6A31B37922695F4900766A97 /* Debug */,
				6A31B37A22695F4900766A97 /* Release */,
			);
			defaultConfigurationIsVisible = 0;
			defaultConfigurationName = Release;
		};
		6A31B37B22695F4900766A97 /* Build configuration list for PBXNativeTarget "MZFontImport" */ = {
			isa = XCConfigurationList;
			buildConfigurations = (
				6A31B37C22695F4900766A97 /* Debug */,
				6A31B37D22695F4900766A97 /* Release */,
			);
			defaultConfigurationIsVisible = 0;
			defaultConfigurationName = Release;
		};
/* End XCConfigurationList section */
	};
	rootObject = 6A31B35D22695F4500766A97 /* Project object */;
}
